
Microsoft Visual Studio Solution File, Format Version 12.00
# Visual Studio Version 17
VisualStudioVersion = 17.4.33205.214
MinimumVisualStudioVersion = 10.0.40219.1
Project("{FAE04EC0-301F-11D3-BF4B-00C04F79EFBC}") = "Proj", "Proj\Proj.csproj", "{034E4D08-5AAC-4274-86AD-90BCF9E42D52}"
EndProject
Global
	GlobalSection(SolutionConfigurationPlatforms) = preSolution
		Debug|Any CPU = Debug|Any CPU
		Release|Any CPU = Release|Any CPU
	EndGlobalSection
	GlobalSection(ProjectConfigurationPlatforms) = postSolution
		{034E4D08-5AAC-4274-86AD-90BCF9E42D52}.Debug|Any CPU.ActiveCfg = Debug|Any CPU
		{034E4D08-5AAC-4274-86AD-90BCF9E42D52}.Debug|Any CPU.Build.0 = Debug|Any CPU
		{034E4D08-5AAC-4274-86AD-90BCF9E42D52}.Release|Any CPU.ActiveCfg = Release|Any CPU
		{034E4D08-5AAC-4274-86AD-90BCF9E42D52}.Release|Any CPU.Build.0 = Release|Any CPU
	EndGlobalSection
	GlobalSection(SolutionProperties) = preSolution
		HideSolutionNode = FALSE
	EndGlobalSection
	GlobalSection(ExtensibilityGlobals) = postSolution
		SolutionGuid = {180856F8-CD72-4F8E-BFC3-0354317479E2}
	EndGlobalSection
EndGlobal
